// !$*UTF8*$!
{
	archiveVersion = 1;
	classes = {
	};
	objectVersion = 77;
	objects = {

/* Begin PBXBuildFile section */
		04ADAAC657549CDC98B38798 /* ChapterEditorView.swift in Sources */ = {isa = PBXBuildFile; fileRef = 96E04E1A13A0D94ED98B35AD /* ChapterEditorView.swift */; };
		08CC1BD5B7E95FAC19A336EB /* FormattingEngine.swift in Sources */ = {isa = PBXBuildFile; fileRef = 8E077376EF9566AD91BF0A23 /* FormattingEngine.swift */; };
		0CF6271E00D744C7700086D2 /* Converter.swift in Sources */ = {isa = PBXBuildFile; fileRef = FDB18AC197AC6B84D6DF247D /* Converter.swift */; };
		0D42E4F65B41E8FA68F7A7F6 /* BookSettingsView.swift in Sources */ = {isa = PBXBuildFile; fileRef = D6AF6C8E7B9ED7708E2DE72D /* BookSettingsView.swift */; };
		120B060385339495CFBCA3C4 /* TextToSpeech.swift in Sources */ = {isa = PBXBuildFile; fileRef = 46EF78C4B63A6F4B73A75A3D /* TextToSpeech.swift */; };
		12859EE2E06871E48ED7BD30 /* ValidationResultsView.swift in Sources */ = {isa = PBXBuildFile; fileRef = D2AD62C3C95DA3BBBFEEC660 /* ValidationResultsView.swift */; };
		1E7CCB49C3F2C2AA7314D195 /* AudioController.swift in Sources */ = {isa = PBXBuildFile; fileRef = E0A444C8FD0F41712024F1A2 /* AudioController.swift */; };
		20E285CEC81ADB7421B8653C /* KDPConverter.swift in Sources */ = {isa = PBXBuildFile; fileRef = 3610537B87F9B812A865A75C /* KDPConverter.swift */; };
		21851C9325C4AAB483C53A43 /* DocumentFileManager.swift in Sources */ = {isa = PBXBuildFile; fileRef = 08F96B55E4D3D43E01B3B6ED /* DocumentFileManager.swift */; };
		23708F56E06922B66E25292C /* AudioTests.swift in Sources */ = {isa = PBXBuildFile; fileRef = F97BB3D8C6678B4564EB5541 /* AudioTests.swift */; };
		2921BCB87C16EB5145D260CE /* EbookFormat.swift in Sources */ = {isa = PBXBuildFile; fileRef = 284CE24B7C15612C376401B1 /* EbookFormat.swift */; };
		369E71FABE92168A3DD7B999 /* TestUtilities.swift in Sources */ = {isa = PBXBuildFile; fileRef = FEEB7B0F47ACA978242C8CC1 /* TestUtilities.swift */; };
		454F06E008D99A661DBF3254 /* ChapterListView.swift in Sources */ = {isa = PBXBuildFile; fileRef = 06E2A2503AF69366208889DA /* ChapterListView.swift */; };
		456CBFD04420E759F6E27438 /* DocumentViewModel.swift in Sources */ = {isa = PBXBuildFile; fileRef = 237F332AE892FF168F57AE15 /* DocumentViewModel.swift */; };
		5839E21D64E11FD2905BC340 /* ServiceContainer.swift in Sources */ = {isa = PBXBuildFile; fileRef = 603427328BE2FBE51BD891BC /* ServiceContainer.swift */; };
		69411ED22187005CB0EF0C8D /* AvantGardeApp.swift in Sources */ = {isa = PBXBuildFile; fileRef = 5D6C18222F80B2592CC8CABA /* AvantGardeApp.swift */; };
		6992EE62479BC069C396EF4B /* GoogleConverter.swift in Sources */ = {isa = PBXBuildFile; fileRef = 92514EE028345ADFCF7B7261 /* GoogleConverter.swift */; };
		6E4EBB8BD251525F10005C5E /* EbookDocument.swift in Sources */ = {isa = PBXBuildFile; fileRef = E37326123E3847FCD448690C /* EbookDocument.swift */; };
		76C822F96D45BA226914B50F /* HTMLEscaping.swift in Sources */ = {isa = PBXBuildFile; fileRef = DA8BBF776BB7BCB3AC6FD645 /* HTMLEscaping.swift */; };
		9F1281E544B9F2BBF892A3BA /* Logger.swift in Sources */ = {isa = PBXBuildFile; fileRef = 882F7E49EE9494F16BBBD718 /* Logger.swift */; };
		A366FCC7DE3CAACB1D3E9D1E /* DocumentLibraryView.swift in Sources */ = {isa = PBXBuildFile; fileRef = D90493C2346EDDDB9E2CBA40 /* DocumentLibraryView.swift */; };
		A4189CA0868C52AAF2928C94 /* ExportValidator.swift in Sources */ = {isa = PBXBuildFile; fileRef = 598310E15409487292AD39DA /* ExportValidator.swift */; };
		B45B9386D287825AD54FDFD2 /* UTTypeExtensions.swift in Sources */ = {isa = PBXBuildFile; fileRef = 3C3AB474424B67083174F917 /* UTTypeExtensions.swift */; };
		BABB346C6E39134E04111DE3 /* FormatDetector.swift in Sources */ = {isa = PBXBuildFile; fileRef = 9DBCD27BD79D8CEEF3AD49D7 /* FormatDetector.swift */; };
		BFE1C461BD6B2B87C1EE0475 /* ConverterTests.swift in Sources */ = {isa = PBXBuildFile; fileRef = B695281132FF0D040D2442F4 /* ConverterTests.swift */; };
		C032C7522AC82FFEA70EDA9F /* OnboardingView.swift in Sources */ = {isa = PBXBuildFile; fileRef = CCE8816AA89063B89F6086B7 /* OnboardingView.swift */; };
		CA728A1AA2D5F5224B6970CF /* TTSPlayerView.swift in Sources */ = {isa = PBXBuildFile; fileRef = A78821D1DEACB572860DF0C1 /* TTSPlayerView.swift */; };
		CE2B31A1DD396E0F975011B1 /* ThemePickerView.swift in Sources */ = {isa = PBXBuildFile; fileRef = 25F8B3A9310514587AFCF3E3 /* ThemePickerView.swift */; };
		D00AFCCAB73C814CE27426D8 /* ColorThemeManager.swift in Sources */ = {isa = PBXBuildFile; fileRef = 42B0BAF9790BBDB14AEC7BE5 /* ColorThemeManager.swift */; };
		EF82C050F74CC1F51F847C2E /* ContentView.swift in Sources */ = {isa = PBXBuildFile; fileRef = 1EAE00343CB7D0D2E4B26BFA /* ContentView.swift */; };
/* End PBXBuildFile section */

/* Begin PBXContainerItemProxy section */
		D85817FFA8F3BA0DC9081360 /* PBXContainerItemProxy */ = {
			isa = PBXContainerItemProxy;
			containerPortal = 1B92F7542AA94C6E1893BA37 /* Project object */;
			proxyType = 1;
			remoteGlobalIDString = E6FC7B34A9AE61852307D97C;
			remoteInfo = AvantGarde;
		};
/* End PBXContainerItemProxy section */

/* Begin PBXFileReference section */
		06E2A2503AF69366208889DA /* ChapterListView.swift */ = {isa = PBXFileReference; lastKnownFileType = sourcecode.swift; path = ChapterListView.swift; sourceTree = "<group>"; };
		08F96B55E4D3D43E01B3B6ED /* DocumentFileManager.swift */ = {isa = PBXFileReference; lastKnownFileType = sourcecode.swift; path = DocumentFileManager.swift; sourceTree = "<group>"; };
		166989A26A38AE3FF1DA600E /* AvantGardeTests.xctest */ = {isa = PBXFileReference; includeInIndex = 0; lastKnownFileType = wrapper.cfbundle; path = AvantGardeTests.xctest; sourceTree = BUILT_PRODUCTS_DIR; };
		1EAE00343CB7D0D2E4B26BFA /* ContentView.swift */ = {isa = PBXFileReference; lastKnownFileType = sourcecode.swift; path = ContentView.swift; sourceTree = "<group>"; };
		237F332AE892FF168F57AE15 /* DocumentViewModel.swift */ = {isa = PBXFileReference; lastKnownFileType = sourcecode.swift; path = DocumentViewModel.swift; sourceTree = "<group>"; };
		25F8B3A9310514587AFCF3E3 /* ThemePickerView.swift */ = {isa = PBXFileReference; lastKnownFileType = sourcecode.swift; path = ThemePickerView.swift; sourceTree = "<group>"; };
		284CE24B7C15612C376401B1 /* EbookFormat.swift */ = {isa = PBXFileReference; lastKnownFileType = sourcecode.swift; path = EbookFormat.swift; sourceTree = "<group>"; };
		3610537B87F9B812A865A75C /* KDPConverter.swift */ = {isa = PBXFileReference; lastKnownFileType = sourcecode.swift; path = KDPConverter.swift; sourceTree = "<group>"; };
		3A296ED8AA72EA08214FE5E3 /* AvantGarde.app */ = {isa = PBXFileReference; includeInIndex = 0; lastKnownFileType = wrapper.application; path = AvantGarde.app; sourceTree = BUILT_PRODUCTS_DIR; };
		3C3AB474424B67083174F917 /* UTTypeExtensions.swift */ = {isa = PBXFileReference; lastKnownFileType = sourcecode.swift; path = UTTypeExtensions.swift; sourceTree = "<group>"; };
		42B0BAF9790BBDB14AEC7BE5 /* ColorThemeManager.swift */ = {isa = PBXFileReference; lastKnownFileType = sourcecode.swift; path = ColorThemeManager.swift; sourceTree = "<group>"; };
		46EF78C4B63A6F4B73A75A3D /* TextToSpeech.swift */ = {isa = PBXFileReference; lastKnownFileType = sourcecode.swift; path = TextToSpeech.swift; sourceTree = "<group>"; };
		598310E15409487292AD39DA /* ExportValidator.swift */ = {isa = PBXFileReference; lastKnownFileType = sourcecode.swift; path = ExportValidator.swift; sourceTree = "<group>"; };
		5D6C18222F80B2592CC8CABA /* AvantGardeApp.swift */ = {isa = PBXFileReference; lastKnownFileType = sourcecode.swift; path = AvantGardeApp.swift; sourceTree = "<group>"; };
		603427328BE2FBE51BD891BC /* ServiceContainer.swift */ = {isa = PBXFileReference; lastKnownFileType = sourcecode.swift; path = ServiceContainer.swift; sourceTree = "<group>"; };
		882F7E49EE9494F16BBBD718 /* Logger.swift */ = {isa = PBXFileReference; lastKnownFileType = sourcecode.swift; path = Logger.swift; sourceTree = "<group>"; };
		8E077376EF9566AD91BF0A23 /* FormattingEngine.swift */ = {isa = PBXFileReference; lastKnownFileType = sourcecode.swift; path = FormattingEngine.swift; sourceTree = "<group>"; };
		92514EE028345ADFCF7B7261 /* GoogleConverter.swift */ = {isa = PBXFileReference; lastKnownFileType = sourcecode.swift; path = GoogleConverter.swift; sourceTree = "<group>"; };
		96E04E1A13A0D94ED98B35AD /* ChapterEditorView.swift */ = {isa = PBXFileReference; lastKnownFileType = sourcecode.swift; path = ChapterEditorView.swift; sourceTree = "<group>"; };
		9DBCD27BD79D8CEEF3AD49D7 /* FormatDetector.swift */ = {isa = PBXFileReference; lastKnownFileType = sourcecode.swift; path = FormatDetector.swift; sourceTree = "<group>"; };
		A78821D1DEACB572860DF0C1 /* TTSPlayerView.swift */ = {isa = PBXFileReference; lastKnownFileType = sourcecode.swift; path = TTSPlayerView.swift; sourceTree = "<group>"; };
		B695281132FF0D040D2442F4 /* ConverterTests.swift */ = {isa = PBXFileReference; lastKnownFileType = sourcecode.swift; path = ConverterTests.swift; sourceTree = "<group>"; };
		CCE8816AA89063B89F6086B7 /* OnboardingView.swift */ = {isa = PBXFileReference; lastKnownFileType = sourcecode.swift; path = OnboardingView.swift; sourceTree = "<group>"; };
		D2AD62C3C95DA3BBBFEEC660 /* ValidationResultsView.swift */ = {isa = PBXFileReference; lastKnownFileType = sourcecode.swift; path = ValidationResultsView.swift; sourceTree = "<group>"; };
		D6AF6C8E7B9ED7708E2DE72D /* BookSettingsView.swift */ = {isa = PBXFileReference; lastKnownFileType = sourcecode.swift; path = BookSettingsView.swift; sourceTree = "<group>"; };
		D90493C2346EDDDB9E2CBA40 /* DocumentLibraryView.swift */ = {isa = PBXFileReference; lastKnownFileType = sourcecode.swift; path = DocumentLibraryView.swift; sourceTree = "<group>"; };
		DA8BBF776BB7BCB3AC6FD645 /* HTMLEscaping.swift */ = {isa = PBXFileReference; lastKnownFileType = sourcecode.swift; path = HTMLEscaping.swift; sourceTree = "<group>"; };
		E0A444C8FD0F41712024F1A2 /* AudioController.swift */ = {isa = PBXFileReference; lastKnownFileType = sourcecode.swift; path = AudioController.swift; sourceTree = "<group>"; };
		E37326123E3847FCD448690C /* EbookDocument.swift */ = {isa = PBXFileReference; lastKnownFileType = sourcecode.swift; path = EbookDocument.swift; sourceTree = "<group>"; };
		F97BB3D8C6678B4564EB5541 /* AudioTests.swift */ = {isa = PBXFileReference; lastKnownFileType = sourcecode.swift; path = AudioTests.swift; sourceTree = "<group>"; };
		FDB18AC197AC6B84D6DF247D /* Converter.swift */ = {isa = PBXFileReference; lastKnownFileType = sourcecode.swift; path = Converter.swift; sourceTree = "<group>"; };
		FEEB7B0F47ACA978242C8CC1 /* TestUtilities.swift */ = {isa = PBXFileReference; lastKnownFileType = sourcecode.swift; path = TestUtilities.swift; sourceTree = "<group>"; };
/* End PBXFileReference section */

/* Begin PBXGroup section */
		06581A6FD95D518A8220F9BD /* audio */ = {
			isa = PBXGroup;
			children = (
				E0A444C8FD0F41712024F1A2 /* AudioController.swift */,
				46EF78C4B63A6F4B73A75A3D /* TextToSpeech.swift */,
			);
			path = audio;
			sourceTree = "<group>";
		};
		0F3C8315465753634907E181 /* ui */ = {
			isa = PBXGroup;
			children = (
				42B0BAF9790BBDB14AEC7BE5 /* ColorThemeManager.swift */,
			);
			path = ui;
			sourceTree = "<group>";
		};
		146E5B071E430F2E20A5F23B /* editor */ = {
			isa = PBXGroup;
			children = (
				8E077376EF9566AD91BF0A23 /* FormattingEngine.swift */,
			);
			path = editor;
			sourceTree = "<group>";
		};
		247071B24482F7FAAC692B7B /* Products */ = {
			isa = PBXGroup;
			children = (
				3A296ED8AA72EA08214FE5E3 /* AvantGarde.app */,
				166989A26A38AE3FF1DA600E /* AvantGardeTests.xctest */,
			);
			name = Products;
			sourceTree = "<group>";
		};
		39465FB04C6DF53B1FEDA3E9 /* views */ = {
			isa = PBXGroup;
			children = (
				D6AF6C8E7B9ED7708E2DE72D /* BookSettingsView.swift */,
				96E04E1A13A0D94ED98B35AD /* ChapterEditorView.swift */,
				06E2A2503AF69366208889DA /* ChapterListView.swift */,
				1EAE00343CB7D0D2E4B26BFA /* ContentView.swift */,
				D90493C2346EDDDB9E2CBA40 /* DocumentLibraryView.swift */,
				CCE8816AA89063B89F6086B7 /* OnboardingView.swift */,
				25F8B3A9310514587AFCF3E3 /* ThemePickerView.swift */,
				A78821D1DEACB572860DF0C1 /* TTSPlayerView.swift */,
				D2AD62C3C95DA3BBBFEEC660 /* ValidationResultsView.swift */,
			);
			path = views;
			sourceTree = "<group>";
		};
		53D2FFA3421D170A5EF3F23B /* models */ = {
			isa = PBXGroup;
			children = (
				E37326123E3847FCD448690C /* EbookDocument.swift */,
				284CE24B7C15612C376401B1 /* EbookFormat.swift */,
				3C3AB474424B67083174F917 /* UTTypeExtensions.swift */,
			);
			path = models;
			sourceTree = "<group>";
		};
		5C67E8007F2605D9946C888B /* utils */ = {
			isa = PBXGroup;
			children = (
				08F96B55E4D3D43E01B3B6ED /* DocumentFileManager.swift */,
				882F7E49EE9494F16BBBD718 /* Logger.swift */,
				603427328BE2FBE51BD891BC /* ServiceContainer.swift */,
			);
			path = utils;
			sourceTree = "<group>";
		};
		7DE55099E204F1DF3499EBB9 /* parsers */ = {
			isa = PBXGroup;
			children = (
				9DBCD27BD79D8CEEF3AD49D7 /* FormatDetector.swift */,
			);
			path = parsers;
			sourceTree = "<group>";
		};
		993E656B38B86199F67B79B6 /* converters */ = {
			isa = PBXGroup;
			children = (
				FDB18AC197AC6B84D6DF247D /* Converter.swift */,
				598310E15409487292AD39DA /* ExportValidator.swift */,
				92514EE028345ADFCF7B7261 /* GoogleConverter.swift */,
				DA8BBF776BB7BCB3AC6FD645 /* HTMLEscaping.swift */,
				3610537B87F9B812A865A75C /* KDPConverter.swift */,
			);
			path = converters;
			sourceTree = "<group>";
		};
		AA0B5E8DE5171F758F444904 /* src */ = {
			isa = PBXGroup;
			children = (
				06581A6FD95D518A8220F9BD /* audio */,
				5D6C18222F80B2592CC8CABA /* AvantGardeApp.swift */,
				993E656B38B86199F67B79B6 /* converters */,
				146E5B071E430F2E20A5F23B /* editor */,
				53D2FFA3421D170A5EF3F23B /* models */,
				7DE55099E204F1DF3499EBB9 /* parsers */,
				0F3C8315465753634907E181 /* ui */,
				5C67E8007F2605D9946C888B /* utils */,
				BA71B0EF56254A1350929254 /* viewmodels */,
				39465FB04C6DF53B1FEDA3E9 /* views */,
			);
			path = src;
			sourceTree = "<group>";
		};
		BA71B0EF56254A1350929254 /* viewmodels */ = {
			isa = PBXGroup;
			children = (
				237F332AE892FF168F57AE15 /* DocumentViewModel.swift */,
			);
			path = viewmodels;
			sourceTree = "<group>";
		};
		EF8F33F4BF5923D804E08EE7 = {
			isa = PBXGroup;
			children = (
				AA0B5E8DE5171F758F444904 /* src */,
				F4C2A37DF98E4E4C2A721367 /* Tests */,
				247071B24482F7FAAC692B7B /* Products */,
			);
			sourceTree = "<group>";
		};
		F4C2A37DF98E4E4C2A721367 /* Tests */ = {
			isa = PBXGroup;
			children = (
				F97BB3D8C6678B4564EB5541 /* AudioTests.swift */,
				B695281132FF0D040D2442F4 /* ConverterTests.swift */,
				FEEB7B0F47ACA978242C8CC1 /* TestUtilities.swift */,
			);
			path = Tests;
			sourceTree = "<group>";
		};
/* End PBXGroup section */

/* Begin PBXNativeTarget section */
		7D5389B9364FD8837594FF51 /* AvantGardeTests */ = {
			isa = PBXNativeTarget;
			buildConfigurationList = DDC759DD63A6FD2F74DDEA6C /* Build configuration list for PBXNativeTarget "AvantGardeTests" */;
			buildPhases = (
				7EFB5693D7EE309348A72079 /* Sources */,
			);
			buildRules = (
			);
			dependencies = (
				F228FE074432513F7E870870 /* PBXTargetDependency */,
			);
			name = AvantGardeTests;
			packageProductDependencies = (
			);
			productName = AvantGardeTests;
			productReference = 166989A26A38AE3FF1DA600E /* AvantGardeTests.xctest */;
			productType = "com.apple.product-type.bundle.unit-test";
		};
		E6FC7B34A9AE61852307D97C /* AvantGarde */ = {
			isa = PBXNativeTarget;
			buildConfigurationList = 81F475EF0F8A3AE9FDCDACF8 /* Build configuration list for PBXNativeTarget "AvantGarde" */;
			buildPhases = (
				D8CC39D0E3B2FAF7CEA19670 /* Sources */,
			);
			buildRules = (
			);
			dependencies = (
			);
			name = AvantGarde;
			packageProductDependencies = (
			);
			productName = AvantGarde;
			productReference = 3A296ED8AA72EA08214FE5E3 /* AvantGarde.app */;
			productType = "com.apple.product-type.application";
		};
/* End PBXNativeTarget section */

/* Begin PBXProject section */
		1B92F7542AA94C6E1893BA37 /* Project object */ = {
			isa = PBXProject;
			attributes = {
				BuildIndependentTargetsInParallel = YES;
				LastUpgradeCheck = 1600;
				TargetAttributes = {
					E6FC7B34A9AE61852307D97C = {
						DevelopmentTeam = "";
					};
				};
			};
			buildConfigurationList = 68F76D793EB4B19BCAF7BA24 /* Build configuration list for PBXProject "AvantGarde" */;
			compatibilityVersion = "Xcode 14.0";
			developmentRegion = en;
			hasScannedForEncodings = 0;
			knownRegions = (
				Base,
				en,
			);
			mainGroup = EF8F33F4BF5923D804E08EE7;
			minimizedProjectReferenceProxies = 1;
			preferredProjectObjectVersion = 77;
			projectDirPath = "";
			projectRoot = "";
			targets = (
				E6FC7B34A9AE61852307D97C /* AvantGarde */,
				7D5389B9364FD8837594FF51 /* AvantGardeTests */,
			);
		};
/* End PBXProject section */

/* Begin PBXSourcesBuildPhase section */
		7EFB5693D7EE309348A72079 /* Sources */ = {
			isa = PBXSourcesBuildPhase;
			buildActionMask = 2147483647;
			files = (
				23708F56E06922B66E25292C /* AudioTests.swift in Sources */,
				BFE1C461BD6B2B87C1EE0475 /* ConverterTests.swift in Sources */,
				369E71FABE92168A3DD7B999 /* TestUtilities.swift in Sources */,
			);
			runOnlyForDeploymentPostprocessing = 0;
		};
		D8CC39D0E3B2FAF7CEA19670 /* Sources */ = {
			isa = PBXSourcesBuildPhase;
			buildActionMask = 2147483647;
			files = (
				1E7CCB49C3F2C2AA7314D195 /* AudioController.swift in Sources */,
				69411ED22187005CB0EF0C8D /* AvantGardeApp.swift in Sources */,
				0D42E4F65B41E8FA68F7A7F6 /* BookSettingsView.swift in Sources */,
				04ADAAC657549CDC98B38798 /* ChapterEditorView.swift in Sources */,
				454F06E008D99A661DBF3254 /* ChapterListView.swift in Sources */,
				D00AFCCAB73C814CE27426D8 /* ColorThemeManager.swift in Sources */,
				EF82C050F74CC1F51F847C2E /* ContentView.swift in Sources */,
				0CF6271E00D744C7700086D2 /* Converter.swift in Sources */,
				21851C9325C4AAB483C53A43 /* DocumentFileManager.swift in Sources */,
				A366FCC7DE3CAACB1D3E9D1E /* DocumentLibraryView.swift in Sources */,
				456CBFD04420E759F6E27438 /* DocumentViewModel.swift in Sources */,
				6E4EBB8BD251525F10005C5E /* EbookDocument.swift in Sources */,
				2921BCB87C16EB5145D260CE /* EbookFormat.swift in Sources */,
				A4189CA0868C52AAF2928C94 /* ExportValidator.swift in Sources */,
				BABB346C6E39134E04111DE3 /* FormatDetector.swift in Sources */,
				08CC1BD5B7E95FAC19A336EB /* FormattingEngine.swift in Sources */,
				6992EE62479BC069C396EF4B /* GoogleConverter.swift in Sources */,
				76C822F96D45BA226914B50F /* HTMLEscaping.swift in Sources */,
				20E285CEC81ADB7421B8653C /* KDPConverter.swift in Sources */,
				9F1281E544B9F2BBF892A3BA /* Logger.swift in Sources */,
				C032C7522AC82FFEA70EDA9F /* OnboardingView.swift in Sources */,
				5839E21D64E11FD2905BC340 /* ServiceContainer.swift in Sources */,
				CA728A1AA2D5F5224B6970CF /* TTSPlayerView.swift in Sources */,
				120B060385339495CFBCA3C4 /* TextToSpeech.swift in Sources */,
				CE2B31A1DD396E0F975011B1 /* ThemePickerView.swift in Sources */,
				B45B9386D287825AD54FDFD2 /* UTTypeExtensions.swift in Sources */,
				12859EE2E06871E48ED7BD30 /* ValidationResultsView.swift in Sources */,
			);
			runOnlyForDeploymentPostprocessing = 0;
		};
/* End PBXSourcesBuildPhase section */

/* Begin PBXTargetDependency section */
		F228FE074432513F7E870870 /* PBXTargetDependency */ = {
			isa = PBXTargetDependency;
			target = E6FC7B34A9AE61852307D97C /* AvantGarde */;
			targetProxy = D85817FFA8F3BA0DC9081360 /* PBXContainerItemProxy */;
		};
/* End PBXTargetDependency section */

/* Begin XCBuildConfiguration section */
		11FB91A1D94C024FCD14E201 /* Debug */ = {
			isa = XCBuildConfiguration;
			buildSettings = {
				ALWAYS_SEARCH_USER_PATHS = NO;
				CLANG_ANALYZER_NONNULL = YES;
				CLANG_ANALYZER_NUMBER_OBJECT_CONVERSION = YES_AGGRESSIVE;
				CLANG_CXX_LANGUAGE_STANDARD = "gnu++14";
				CLANG_CXX_LIBRARY = "libc++";
				CLANG_ENABLE_MODULES = YES;
				CLANG_ENABLE_OBJC_ARC = YES;
				CLANG_ENABLE_OBJC_WEAK = YES;
				CLANG_WARN_BLOCK_CAPTURE_AUTORELEASING = YES;
				CLANG_WARN_BOOL_CONVERSION = YES;
				CLANG_WARN_COMMA = YES;
				CLANG_WARN_CONSTANT_CONVERSION = YES;
				CLANG_WARN_DEPRECATED_OBJC_IMPLEMENTATIONS = YES;
				CLANG_WARN_DIRECT_OBJC_ISA_USAGE = YES_ERROR;
				CLANG_WARN_DOCUMENTATION_COMMENTS = YES;
				CLANG_WARN_EMPTY_BODY = YES;
				CLANG_WARN_ENUM_CONVERSION = YES;
				CLANG_WARN_INFINITE_RECURSION = YES;
				CLANG_WARN_INT_CONVERSION = YES;
				CLANG_WARN_NON_LITERAL_NULL_CONVERSION = YES;
				CLANG_WARN_OBJC_IMPLICIT_RETAIN_SELF = YES;
				CLANG_WARN_OBJC_LITERAL_CONVERSION = YES;
				CLANG_WARN_OBJC_ROOT_CLASS = YES_ERROR;
				CLANG_WARN_QUOTED_INCLUDE_IN_FRAMEWORK_HEADER = YES;
				CLANG_WARN_RANGE_LOOP_ANALYSIS = YES;
				CLANG_WARN_STRICT_PROTOTYPES = YES;
				CLANG_WARN_SUSPICIOUS_MOVE = YES;
				CLANG_WARN_UNGUARDED_AVAILABILITY = YES_AGGRESSIVE;
				CLANG_WARN_UNREACHABLE_CODE = YES;
				CLANG_WARN__DUPLICATE_METHOD_MATCH = YES;
				COPY_PHASE_STRIP = NO;
				CURRENT_PROJECT_VERSION = 1;
				DEBUG_INFORMATION_FORMAT = "dwarf-with-dsym";
				ENABLE_BITCODE = NO;
				ENABLE_STRICT_OBJC_MSGSEND = YES;
				ENABLE_TESTABILITY = YES;
				GCC_C_LANGUAGE_STANDARD = gnu11;
				GCC_DYNAMIC_NO_PIC = NO;
				GCC_NO_COMMON_BLOCKS = YES;
				GCC_OPTIMIZATION_LEVEL = 0;
				GCC_PREPROCESSOR_DEFINITIONS = (
					"$(inherited)",
					"DEBUG=1",
				);
				GCC_WARN_64_TO_32_BIT_CONVERSION = YES;
				GCC_WARN_ABOUT_RETURN_TYPE = YES_ERROR;
				GCC_WARN_UNDECLARED_SELECTOR = YES;
				GCC_WARN_UNINITIALIZED_AUTOS = YES_AGGRESSIVE;
				GCC_WARN_UNUSED_FUNCTION = YES;
				GCC_WARN_UNUSED_VARIABLE = YES;
				IPHONEOS_DEPLOYMENT_TARGET = 16.0;
				MARKETING_VERSION = 1.0;
				MTL_ENABLE_DEBUG_INFO = INCLUDE_SOURCE;
				MTL_FAST_MATH = YES;
				ONLY_ACTIVE_ARCH = YES;
				PRODUCT_NAME = "$(TARGET_NAME)";
				SDKROOT = iphoneos;
				SWIFT_ACTIVE_COMPILATION_CONDITIONS = DEBUG;
				SWIFT_OPTIMIZATION_LEVEL = "-Onone";
				SWIFT_TREAT_WARNINGS_AS_ERRORS = NO;
				SWIFT_VERSION = 5.9;
				TARGETED_DEVICE_FAMILY = "1,2";
			};
			name = Debug;
		};
		18C32F9D00B37EA4102AF717 /* Release */ = {
			isa = XCBuildConfiguration;
			buildSettings = {
				ASSETCATALOG_COMPILER_APPICON_NAME = AppIcon;
				ASSETCATALOG_COMPILER_GLOBAL_ACCENT_COLOR_NAME = AccentColor;
				CODE_SIGN_ENTITLEMENTS = Resources/AvantGarde.entitlements;
				CODE_SIGN_IDENTITY = "iPhone Developer";
				DEVELOPMENT_TEAM = "";
				INFOPLIST_FILE = Resources/Info.plist;
				IPHONEOS_DEPLOYMENT_TARGET = 16.0;
				LD_RUNPATH_SEARCH_PATHS = (
					"$(inherited)",
					"@executable_path/Frameworks",
				);
				PRODUCT_BUNDLE_IDENTIFIER = com.avantgarde.authoring;
				SDKROOT = iphoneos;
				SWIFT_OPTIMIZATION_LEVEL = "-O";
				TARGETED_DEVICE_FAMILY = "1,2";
				VALIDATE_PRODUCT = YES;
			};
			name = Release;
		};
		2BFBED583DB17410CF2D4DEE /* Release */ = {
			isa = XCBuildConfiguration;
			buildSettings = {
				ALWAYS_SEARCH_USER_PATHS = NO;
				CLANG_ANALYZER_NONNULL = YES;
				CLANG_ANALYZER_NUMBER_OBJECT_CONVERSION = YES_AGGRESSIVE;
				CLANG_CXX_LANGUAGE_STANDARD = "gnu++14";
				CLANG_CXX_LIBRARY = "libc++";
				CLANG_ENABLE_MODULES = YES;
				CLANG_ENABLE_OBJC_ARC = YES;
				CLANG_ENABLE_OBJC_WEAK = YES;
				CLANG_WARN_BLOCK_CAPTURE_AUTORELEASING = YES;
				CLANG_WARN_BOOL_CONVERSION = YES;
				CLANG_WARN_COMMA = YES;
				CLANG_WARN_CONSTANT_CONVERSION = YES;
				CLANG_WARN_DEPRECATED_OBJC_IMPLEMENTATIONS = YES;
				CLANG_WARN_DIRECT_OBJC_ISA_USAGE = YES_ERROR;
				CLANG_WARN_DOCUMENTATION_COMMENTS = YES;
				CLANG_WARN_EMPTY_BODY = YES;
				CLANG_WARN_ENUM_CONVERSION = YES;
				CLANG_WARN_INFINITE_RECURSION = YES;
				CLANG_WARN_INT_CONVERSION = YES;
				CLANG_WARN_NON_LITERAL_NULL_CONVERSION = YES;
				CLANG_WARN_OBJC_IMPLICIT_RETAIN_SELF = YES;
				CLANG_WARN_OBJC_LITERAL_CONVERSION = YES;
				CLANG_WARN_OBJC_ROOT_CLASS = YES_ERROR;
				CLANG_WARN_QUOTED_INCLUDE_IN_FRAMEWORK_HEADER = YES;
				CLANG_WARN_RANGE_LOOP_ANALYSIS = YES;
				CLANG_WARN_STRICT_PROTOTYPES = YES;
				CLANG_WARN_SUSPICIOUS_MOVE = YES;
				CLANG_WARN_UNGUARDED_AVAILABILITY = YES_AGGRESSIVE;
				CLANG_WARN_UNREACHABLE_CODE = YES;
				CLANG_WARN__DUPLICATE_METHOD_MATCH = YES;
				COPY_PHASE_STRIP = NO;
				CURRENT_PROJECT_VERSION = 1;
				DEBUG_INFORMATION_FORMAT = "dwarf-with-dsym";
				ENABLE_BITCODE = NO;
				ENABLE_NS_ASSERTIONS = NO;
				ENABLE_STRICT_OBJC_MSGSEND = YES;
				GCC_C_LANGUAGE_STANDARD = gnu11;
				GCC_NO_COMMON_BLOCKS = YES;
				GCC_WARN_64_TO_32_BIT_CONVERSION = YES;
				GCC_WARN_ABOUT_RETURN_TYPE = YES_ERROR;
				GCC_WARN_UNDECLARED_SELECTOR = YES;
				GCC_WARN_UNINITIALIZED_AUTOS = YES_AGGRESSIVE;
				GCC_WARN_UNUSED_FUNCTION = YES;
				GCC_WARN_UNUSED_VARIABLE = YES;
				IPHONEOS_DEPLOYMENT_TARGET = 16.0;
				MARKETING_VERSION = 1.0;
				MTL_ENABLE_DEBUG_INFO = NO;
				MTL_FAST_MATH = YES;
				PRODUCT_NAME = "$(TARGET_NAME)";
				SDKROOT = iphoneos;
				SWIFT_COMPILATION_MODE = wholemodule;
				SWIFT_OPTIMIZATION_LEVEL = "-O";
				SWIFT_TREAT_WARNINGS_AS_ERRORS = NO;
				SWIFT_VERSION = 5.9;
				TARGETED_DEVICE_FAMILY = "1,2";
			};
			name = Release;
		};
		4E3593F80C7D85A7C97F1A3B /* Release */ = {
			isa = XCBuildConfiguration;
			buildSettings = {
				BUNDLE_LOADER = "$(TEST_HOST)";
				IPHONEOS_DEPLOYMENT_TARGET = 16.0;
				LD_RUNPATH_SEARCH_PATHS = (
					"$(inherited)",
					"@executable_path/Frameworks",
					"@loader_path/Frameworks",
				);
				PRODUCT_BUNDLE_IDENTIFIER = com.avantgarde.authoring.tests;
				SDKROOT = iphoneos;
				TARGETED_DEVICE_FAMILY = "1,2";
				TEST_HOST = "$(BUILT_PRODUCTS_DIR)/AvantGarde.app/AvantGarde";
			};
			name = Release;
		};
		73D70B64D0409651DE7DF4B6 /* Debug */ = {
			isa = XCBuildConfiguration;
			buildSettings = {
				BUNDLE_LOADER = "$(TEST_HOST)";
				IPHONEOS_DEPLOYMENT_TARGET = 16.0;
				LD_RUNPATH_SEARCH_PATHS = (
					"$(inherited)",
					"@executable_path/Frameworks",
					"@loader_path/Frameworks",
				);
				PRODUCT_BUNDLE_IDENTIFIER = com.avantgarde.authoring.tests;
				SDKROOT = iphoneos;
				TARGETED_DEVICE_FAMILY = "1,2";
				TEST_HOST = "$(BUILT_PRODUCTS_DIR)/AvantGarde.app/AvantGarde";
			};
			name = Debug;
		};
		C362DEEDC30983C3DE52F007 /* Debug */ = {
			isa = XCBuildConfiguration;
			buildSettings = {
				ASSETCATALOG_COMPILER_APPICON_NAME = AppIcon;
				ASSETCATALOG_COMPILER_GLOBAL_ACCENT_COLOR_NAME = AccentColor;
				CODE_SIGN_ENTITLEMENTS = Resources/AvantGarde.entitlements;
				CODE_SIGN_IDENTITY = "iPhone Developer";
				DEBUG_INFORMATION_FORMAT = dwarf;
				DEVELOPMENT_TEAM = "";
				INFOPLIST_FILE = Resources/Info.plist;
				IPHONEOS_DEPLOYMENT_TARGET = 16.0;
				LD_RUNPATH_SEARCH_PATHS = (
					"$(inherited)",
					"@executable_path/Frameworks",
				);
				PRODUCT_BUNDLE_IDENTIFIER = com.avantgarde.authoring;
				SDKROOT = iphoneos;
				SWIFT_ACTIVE_COMPILATION_CONDITIONS = DEBUG;
				SWIFT_OPTIMIZATION_LEVEL = "-Onone";
				TARGETED_DEVICE_FAMILY = "1,2";
			};
			name = Debug;
		};
/* End XCBuildConfiguration section */

/* Begin XCConfigurationList section */
		68F76D793EB4B19BCAF7BA24 /* Build configuration list for PBXProject "AvantGarde" */ = {
			isa = XCConfigurationList;
			buildConfigurations = (
				11FB91A1D94C024FCD14E201 /* Debug */,
				2BFBED583DB17410CF2D4DEE /* Release */,
			);
			defaultConfigurationIsVisible = 0;
			defaultConfigurationName = Debug;
		};
		81F475EF0F8A3AE9FDCDACF8 /* Build configuration list for PBXNativeTarget "AvantGarde" */ = {
			isa = XCConfigurationList;
			buildConfigurations = (
				C362DEEDC30983C3DE52F007 /* Debug */,
				18C32F9D00B37EA4102AF717 /* Release */,
			);
			defaultConfigurationIsVisible = 0;
			defaultConfigurationName = Debug;
		};
		DDC759DD63A6FD2F74DDEA6C /* Build configuration list for PBXNativeTarget "AvantGardeTests" */ = {
			isa = XCConfigurationList;
			buildConfigurations = (
				73D70B64D0409651DE7DF4B6 /* Debug */,
				4E3593F80C7D85A7C97F1A3B /* Release */,
			);
			defaultConfigurationIsVisible = 0;
			defaultConfigurationName = Debug;
		};
/* End XCConfigurationList section */
	};
	rootObject = 1B92F7542AA94C6E1893BA37 /* Project object */;
}
